// !$*UTF8*$!
{
	archiveVersion = 1;
	classes = {
	};
	objectVersion = 56;
	objects = {

/* Begin PBXBuildFile section */
		AA000050000000000000001 /* EZMacApp.swift in Sources */ = {isa = PBXBuildFile; fileRef = AA000020000000000000001 /* EZMacApp.swift */; };
		AA000051000000000000001 /* AppDelegate.swift in Sources */ = {isa = PBXBuildFile; fileRef = AA000021000000000000001 /* AppDelegate.swift */; };
		AA000052000000000000001 /* MenuBarController.swift in Sources */ = {isa = PBXBuildFile; fileRef = AA000022000000000000001 /* MenuBarController.swift */; };
		AA000053000000000000001 /* MenuBarView.swift in Sources */ = {isa = PBXBuildFile; fileRef = AA000023000000000000001 /* MenuBarView.swift */; };
		AA000054000000000000001 /* DisplayRowView.swift in Sources */ = {isa = PBXBuildFile; fileRef = AA000024000000000000001 /* DisplayRowView.swift */; };
		AA000055000000000000001 /* ResolutionPickerView.swift in Sources */ = {isa = PBXBuildFile; fileRef = AA000025000000000000001 /* ResolutionPickerView.swift */; };
		AA000056000000000000001 /* BrightnessSliderView.swift in Sources */ = {isa = PBXBuildFile; fileRef = AA000026000000000000001 /* BrightnessSliderView.swift */; };
		AA000057000000000000001 /* DisplayModel.swift in Sources */ = {isa = PBXBuildFile; fileRef = AA000027000000000000001 /* DisplayModel.swift */; };
		AA000058000000000000001 /* DisplayMode.swift in Sources */ = {isa = PBXBuildFile; fileRef = AA000028000000000000001 /* DisplayMode.swift */; };
		AA000059000000000000001 /* DisplayManager.swift in Sources */ = {isa = PBXBuildFile; fileRef = AA000029000000000000001 /* DisplayManager.swift */; };
		AA00005A000000000000001 /* ResolutionService.swift in Sources */ = {isa = PBXBuildFile; fileRef = AA00002A000000000000001 /* ResolutionService.swift */; };
		AA00005B000000000000001 /* BrightnessService.swift in Sources */ = {isa = PBXBuildFile; fileRef = AA00002B000000000000001 /* BrightnessService.swift */; };
		AA00005C000000000000001 /* InternalBrightnessDriver.swift in Sources */ = {isa = PBXBuildFile; fileRef = AA00002C000000000000001 /* InternalBrightnessDriver.swift */; };
		AA00005D000000000000001 /* DDCBrightnessDriver.swift in Sources */ = {isa = PBXBuildFile; fileRef = AA00002D000000000000001 /* DDCBrightnessDriver.swift */; };
		AA00005E100000000000001 /* GammaBrightnessDriver.swift in Sources */ = {isa = PBXBuildFile; fileRef = AA00002D100000000000001 /* GammaBrightnessDriver.swift */; };
		AA00005F000000000000001 /* Assets.xcassets in Resources */ = {isa = PBXBuildFile; fileRef = AA00002F000000000000001 /* Assets.xcassets */; };
/* End PBXBuildFile section */

/* Begin PBXFileReference section */
		AA000020000000000000001 /* EZMacApp.swift */ = {isa = PBXFileReference; lastKnownFileType = sourcecode.swift; path = EZMacApp.swift; sourceTree = "<group>"; };
		AA000021000000000000001 /* AppDelegate.swift */ = {isa = PBXFileReference; lastKnownFileType = sourcecode.swift; path = AppDelegate.swift; sourceTree = "<group>"; };
		AA000022000000000000001 /* MenuBarController.swift */ = {isa = PBXFileReference; lastKnownFileType = sourcecode.swift; path = MenuBarController.swift; sourceTree = "<group>"; };
		AA000023000000000000001 /* MenuBarView.swift */ = {isa = PBXFileReference; lastKnownFileType = sourcecode.swift; path = MenuBarView.swift; sourceTree = "<group>"; };
		AA000024000000000000001 /* DisplayRowView.swift */ = {isa = PBXFileReference; lastKnownFileType = sourcecode.swift; path = DisplayRowView.swift; sourceTree = "<group>"; };
		AA000025000000000000001 /* ResolutionPickerView.swift */ = {isa = PBXFileReference; lastKnownFileType = sourcecode.swift; path = ResolutionPickerView.swift; sourceTree = "<group>"; };
		AA000026000000000000001 /* BrightnessSliderView.swift */ = {isa = PBXFileReference; lastKnownFileType = sourcecode.swift; path = BrightnessSliderView.swift; sourceTree = "<group>"; };
		AA000027000000000000001 /* DisplayModel.swift */ = {isa = PBXFileReference; lastKnownFileType = sourcecode.swift; path = DisplayModel.swift; sourceTree = "<group>"; };
		AA000028000000000000001 /* DisplayMode.swift */ = {isa = PBXFileReference; lastKnownFileType = sourcecode.swift; path = DisplayMode.swift; sourceTree = "<group>"; };
		AA000029000000000000001 /* DisplayManager.swift */ = {isa = PBXFileReference; lastKnownFileType = sourcecode.swift; path = DisplayManager.swift; sourceTree = "<group>"; };
		AA00002A000000000000001 /* ResolutionService.swift */ = {isa = PBXFileReference; lastKnownFileType = sourcecode.swift; path = ResolutionService.swift; sourceTree = "<group>"; };
		AA00002B000000000000001 /* BrightnessService.swift */ = {isa = PBXFileReference; lastKnownFileType = sourcecode.swift; path = BrightnessService.swift; sourceTree = "<group>"; };
		AA00002C000000000000001 /* InternalBrightnessDriver.swift */ = {isa = PBXFileReference; lastKnownFileType = sourcecode.swift; path = InternalBrightnessDriver.swift; sourceTree = "<group>"; };
		AA00002D000000000000001 /* DDCBrightnessDriver.swift */ = {isa = PBXFileReference; lastKnownFileType = sourcecode.swift; path = DDCBrightnessDriver.swift; sourceTree = "<group>"; };
		AA00002D100000000000001 /* GammaBrightnessDriver.swift */ = {isa = PBXFileReference; lastKnownFileType = sourcecode.swift; path = GammaBrightnessDriver.swift; sourceTree = "<group>"; };
		AA00002E000000000000001 /* IOKit-Bridging-Header.h */ = {isa = PBXFileReference; lastKnownFileType = sourcecode.c.h; path = "IOKit-Bridging-Header.h"; sourceTree = "<group>"; };
		AA00002F000000000000001 /* Assets.xcassets */ = {isa = PBXFileReference; lastKnownFileType = folder.assetcatalog; path = Assets.xcassets; sourceTree = "<group>"; };
		AA000030000000000000001 /* Info.plist */ = {isa = PBXFileReference; lastKnownFileType = text.plist.xml; path = Info.plist; sourceTree = "<group>"; };
		AA000031000000000000001 /* EZMac.app */ = {isa = PBXFileReference; explicitFileType = wrapper.application; includeInIndex = 0; path = EZMac.app; sourceTree = BUILT_PRODUCTS_DIR; };
/* End PBXFileReference section */

/* Begin PBXFrameworksBuildPhase section */
		AA000011000000000000001 /* Frameworks */ = {
			isa = PBXFrameworksBuildPhase;
			buildActionMask = 2147483647;
			files = (
			);
			runOnlyForDeploymentPostprocessing = 0;
		};
/* End PBXFrameworksBuildPhase section */

/* Begin PBXGroup section */
		AA000002000000000000001 /* EZMac */ = {
			isa = PBXGroup;
			children = (
				AA000041000000000000001 /* App */,
				AA000042000000000000001 /* MenuBar */,
				AA000043000000000000001 /* UI */,
				AA000044000000000000001 /* Models */,
				AA000045000000000000001 /* Services */,
				AA000046000000000000001 /* Drivers */,
				AA000047000000000000001 /* Bridging */,
				AA00002F000000000000001 /* Assets.xcassets */,
			);
			path = EZMac;
			sourceTree = "<group>";
		};
		AA000003000000000000001 /* Products */ = {
			isa = PBXGroup;
			children = (
				AA000031000000000000001 /* EZMac.app */,
			);
			name = Products;
			sourceTree = "<group>";
		};
		AA000041000000000000001 /* App */ = {
			isa = PBXGroup;
			children = (
				AA000020000000000000001 /* EZMacApp.swift */,
				AA000021000000000000001 /* AppDelegate.swift */,
				AA000030000000000000001 /* Info.plist */,
			);
			path = App;
			sourceTree = "<group>";
		};
		AA000042000000000000001 /* MenuBar */ = {
			isa = PBXGroup;
			children = (
				AA000022000000000000001 /* MenuBarController.swift */,
				AA000023000000000000001 /* MenuBarView.swift */,
			);
			path = MenuBar;
			sourceTree = "<group>";
		};
		AA000043000000000000001 /* UI */ = {
			isa = PBXGroup;
			children = (
				AA000024000000000000001 /* DisplayRowView.swift */,
				AA000025000000000000001 /* ResolutionPickerView.swift */,
				AA000026000000000000001 /* BrightnessSliderView.swift */,
			);
			path = UI;
			sourceTree = "<group>";
		};
		AA000044000000000000001 /* Models */ = {
			isa = PBXGroup;
			children = (
				AA000027000000000000001 /* DisplayModel.swift */,
				AA000028000000000000001 /* DisplayMode.swift */,
			);
			path = Models;
			sourceTree = "<group>";
		};
		AA000045000000000000001 /* Services */ = {
			isa = PBXGroup;
			children = (
				AA000029000000000000001 /* DisplayManager.swift */,
				AA00002A000000000000001 /* ResolutionService.swift */,
				AA00002B000000000000001 /* BrightnessService.swift */,
			);
			path = Services;
			sourceTree = "<group>";
		};
		AA000046000000000000001 /* Drivers */ = {
			isa = PBXGroup;
			children = (
				AA00002C000000000000001 /* InternalBrightnessDriver.swift */,
				AA00002D000000000000001 /* DDCBrightnessDriver.swift */,
				AA00002D100000000000001 /* GammaBrightnessDriver.swift */,
			);
			path = Drivers;
			sourceTree = "<group>";
		};
		AA000047000000000000001 /* Bridging */ = {
			isa = PBXGroup;
			children = (
				AA00002E000000000000001 /* IOKit-Bridging-Header.h */,
			);
			path = Bridging;
			sourceTree = "<group>";
		};
		AABB0001000000000000001 /* MainGroup */ = {
			isa = PBXGroup;
			children = (
				AA000002000000000000001 /* EZMac */,
				AA000003000000000000001 /* Products */,
			);
			sourceTree = "<group>";
		};
/* End PBXGroup section */

/* Begin PBXNativeTarget section */
		AA000004000000000000001 /* EZMac */ = {
			isa = PBXNativeTarget;
			buildConfigurationList = AA000065000000000000001 /* Build configuration list for PBXNativeTarget "EZMac" */;
			buildPhases = (
				AA000010000000000000001 /* Sources */,
				AA000011000000000000001 /* Frameworks */,
				AA000012000000000000001 /* Resources */,
			);
			buildRules = (
			);
			dependencies = (
			);
			name = EZMac;
			productName = EZMac;
			productReference = AA000031000000000000001 /* EZMac.app */;
			productType = "com.apple.product-type.application";
		};
/* End PBXNativeTarget section */

/* Begin PBXProject section */
		AA000001000000000000001 /* Project object */ = {
			isa = PBXProject;
			attributes = {
				BuildIndependentTargetsInParallel = 1;
				LastSwiftUpdateCheck = 1500;
				LastUpgradeCheck = 1500;
				TargetAttributes = {
					AA000004000000000000001 = {
						CreatedOnToolsVersion = 15.0;
					};
				};
			};
			buildConfigurationList = AA000064000000000000001 /* Build configuration list for PBXProject "EZMac" */;
			compatibilityVersion = "Xcode 14.0";
			developmentRegion = en;
			hasScannedForEncodings = 0;
			knownRegions = (
				en,
				Base,
			);
			mainGroup = AABB0001000000000000001 /* MainGroup */;
			productRefGroup = AA000003000000000000001 /* Products */;
			projectDirPath = "";
			projectRoot = "";
			targets = (
				AA000004000000000000001 /* EZMac */,
			);
		};
/* End PBXProject section */

/* Begin PBXResourcesBuildPhase section */
		AA000012000000000000001 /* Resources */ = {
			isa = PBXResourcesBuildPhase;
			buildActionMask = 2147483647;
			files = (
				AA00005F000000000000001 /* Assets.xcassets in Resources */,
			);
			runOnlyForDeploymentPostprocessing = 0;
		};
/* End PBXResourcesBuildPhase section */

/* Begin PBXSourcesBuildPhase section */
		AA000010000000000000001 /* Sources */ = {
			isa = PBXSourcesBuildPhase;
			buildActionMask = 2147483647;
			files = (
				AA000050000000000000001 /* EZMacApp.swift in Sources */,
				AA000051000000000000001 /* AppDelegate.swift in Sources */,
				AA000052000000000000001 /* MenuBarController.swift in Sources */,
				AA000053000000000000001 /* MenuBarView.swift in Sources */,
				AA000054000000000000001 /* DisplayRowView.swift in Sources */,
				AA000055000000000000001 /* ResolutionPickerView.swift in Sources */,
				AA000056000000000000001 /* BrightnessSliderView.swift in Sources */,
				AA000057000000000000001 /* DisplayModel.swift in Sources */,
				AA000058000000000000001 /* DisplayMode.swift in Sources */,
				AA000059000000000000001 /* DisplayManager.swift in Sources */,
				AA00005A000000000000001 /* ResolutionService.swift in Sources */,
				AA00005B000000000000001 /* BrightnessService.swift in Sources */,
				AA00005C000000000000001 /* InternalBrightnessDriver.swift in Sources */,
				AA00005D000000000000001 /* DDCBrightnessDriver.swift in Sources */,
				AA00005E100000000000001 /* GammaBrightnessDriver.swift in Sources */,
			);
			runOnlyForDeploymentPostprocessing = 0;
		};
/* End PBXSourcesBuildPhase section */

/* Begin XCBuildConfiguration section */
		AA000060000000000000001 /* Debug */ = {
			isa = XCBuildConfiguration;
			buildSettings = {
				ALWAYS_SEARCH_USER_PATHS = NO;
				ASSETCATALOG_COMPILER_GENERATE_SWIFT_ASSET_SYMBOL_EXTENSIONS = YES;
				CLANG_ANALYZER_NONNULL = YES;
				CLANG_ANALYZER_NUMBER_OBJECT_CONVERSION = YES_AGGRESSIVE;
				CLANG_CXX_LANGUAGE_STANDARD = "gnu++20";
				CLANG_ENABLE_MODULES = YES;
				CLANG_ENABLE_OBJC_ARC = YES;
				CLANG_ENABLE_OBJC_WEAK = YES;
				CLANG_WARN_BLOCK_CAPTURE_AUTORELEASING = YES;
				CLANG_WARN_BOOL_CONVERSION = YES;
				CLANG_WARN_COMMA = YES;
				CLANG_WARN_CONSTANT_CONVERSION = YES;
				CLANG_WARN_DEPRECATED_OBJC_IMPLEMENTATIONS = YES;
				CLANG_WARN_DIRECT_OBJC_ISA_USAGE = YES_ERROR;
				CLANG_WARN_DOCUMENTATION_COMMENTS = YES;
				CLANG_WARN_EMPTY_BODY = YES;
				CLANG_WARN_ENUM_CONVERSION = YES;
				CLANG_WARN_INFINITE_RECURSION = YES;
				CLANG_WARN_INT_CONVERSION = YES;
				CLANG_WARN_NON_LITERAL_NULL_CONVERSION = YES;
				CLANG_WARN_OBJC_IMPLICIT_RETAIN_CYCLE = YES;
				CLANG_WARN_OBJC_LITERAL_CONVERSION = YES;
				CLANG_WARN_OBJC_ROOT_CLASS = YES_ERROR;
				CLANG_WARN_QUOTED_INCLUDE_IN_FRAMEWORK_HEADER = YES;
				CLANG_WARN_RANGE_LOOP_ANALYSIS = YES;
				CLANG_WARN_STRICT_PROTOTYPES = YES;
				CLANG_WARN_SUSPICIOUS_MOVE = YES;
				CLANG_WARN_UNGUARDED_AVAILABILITY = YES_AGGRESSIVE;
				CLANG_WARN_UNREACHABLE_CODE = YES;
				CLANG_WARN__DUPLICATE_METHOD_MATCH = YES;
				COPY_PHASE_STRIP = NO;
				DEBUG_INFORMATION_FORMAT = dwarf;
				ENABLE_STRICT_OBJC_MSGSEND = YES;
				ENABLE_TESTABILITY = YES;
				ENABLE_USER_SCRIPT_SANDBOXING = YES;
				GCC_C_LANGUAGE_STANDARD = gnu17;
				GCC_DYNAMIC_NO_PIC = NO;
				GCC_NO_COMMON_BLOCKS = YES;
				GCC_OPTIMIZATION_LEVEL = 0;
				GCC_PREPROCESSOR_DEFINITIONS = (
					"DEBUG=1",
					"$(inherited)",
				);
				GCC_WARN_64_TO_32_BIT_CONVERSION = YES;
				GCC_WARN_ABOUT_RETURN_TYPE = YES_ERROR;
				GCC_WARN_UNDECLARED_SELECTOR = YES;
				GCC_WARN_UNINITIALIZED_AUTOS = YES_AGGRESSIVE;
				GCC_WARN_UNUSED_FUNCTION = YES;
				GCC_WARN_UNUSED_VARIABLE = YES;
				MACOSX_DEPLOYMENT_TARGET = 14.0;
				MTL_ENABLE_DEBUG_INFO = INCLUDE_SOURCE;
				MTL_FAST_MATH = YES;
				ONLY_ACTIVE_ARCH = YES;
				SDKROOT = macosx;
				SWIFT_ACTIVE_COMPILATION_CONDITIONS = "DEBUG $(inherited)";
				SWIFT_OPTIMIZATION_LEVEL = "-Onone";
			};
			name = Debug;
		};
		AA000061000000000000001 /* Release */ = {
			isa = XCBuildConfiguration;
			buildSettings = {
				ALWAYS_SEARCH_USER_PATHS = NO;
				ASSETCATALOG_COMPILER_GENERATE_SWIFT_ASSET_SYMBOL_EXTENSIONS = YES;
				CLANG_ANALYZER_NONNULL = YES;
				CLANG_ANALYZER_NUMBER_OBJECT_CONVERSION = YES_AGGRESSIVE;
				CLANG_CXX_LANGUAGE_STANDARD = "gnu++20";
				CLANG_ENABLE_MODULES = YES;
				CLANG_ENABLE_OBJC_ARC = YES;
				CLANG_ENABLE_OBJC_WEAK = YES;
				CLANG_WARN_BLOCK_CAPTURE_AUTORELEASING = YES;
				CLANG_WARN_BOOL_CONVERSION = YES;
				CLANG_WARN_COMMA = YES;
				CLANG_WARN_CONSTANT_CONVERSION = YES;
				CLANG_WARN_DEPRECATED_OBJC_IMPLEMENTATIONS = YES;
				CLANG_WARN_DIRECT_OBJC_ISA_USAGE = YES_ERROR;
				CLANG_WARN_DOCUMENTATION_COMMENTS = YES;
				CLANG_WARN_EMPTY_BODY = YES;
				CLANG_WARN_ENUM_CONVERSION = YES;
				CLANG_WARN_INFINITE_RECURSION = YES;
				CLANG_WARN_INT_CONVERSION = YES;
				CLANG_WARN_NON_LITERAL_NULL_CONVERSION = YES;
				CLANG_WARN_OBJC_IMPLICIT_RETAIN_CYCLE = YES;
				CLANG_WARN_OBJC_LITERAL_CONVERSION = YES;
				CLANG_WARN_OBJC_ROOT_CLASS = YES_ERROR;
				CLANG_WARN_QUOTED_INCLUDE_IN_FRAMEWORK_HEADER = YES;
				CLANG_WARN_RANGE_LOOP_ANALYSIS = YES;
				CLANG_WARN_STRICT_PROTOTYPES = YES;
				CLANG_WARN_SUSPICIOUS_MOVE = YES;
				CLANG_WARN_UNGUARDED_AVAILABILITY = YES_AGGRESSIVE;
				CLANG_WARN_UNREACHABLE_CODE = YES;
				CLANG_WARN__DUPLICATE_METHOD_MATCH = YES;
				COPY_PHASE_STRIP = NO;
				DEBUG_INFORMATION_FORMAT = "dwarf-with-dsym";
				ENABLE_NS_ASSERTIONS = NO;
				ENABLE_STRICT_OBJC_MSGSEND = YES;
				ENABLE_USER_SCRIPT_SANDBOXING = YES;
				GCC_C_LANGUAGE_STANDARD = gnu17;
				GCC_NO_COMMON_BLOCKS = YES;
				GCC_WARN_64_TO_32_BIT_CONVERSION = YES;
				GCC_WARN_ABOUT_RETURN_TYPE = YES_ERROR;
				GCC_WARN_UNDECLARED_SELECTOR = YES;
				GCC_WARN_UNINITIALIZED_AUTOS = YES_AGGRESSIVE;
				GCC_WARN_UNUSED_FUNCTION = YES;
				GCC_WARN_UNUSED_VARIABLE = YES;
				MACOSX_DEPLOYMENT_TARGET = 14.0;
				MTL_FAST_MATH = YES;
				SDKROOT = macosx;
				SWIFT_COMPILATION_MODE = wholemodule;
			};
			name = Release;
		};
		AA000062000000000000001 /* Debug */ = {
			isa = XCBuildConfiguration;
			buildSettings = {
				ASSETCATALOG_COMPILER_APPICON_NAME = AppIcon;
				ASSETCATALOG_COMPILER_GLOBAL_ACCENT_COLOR_NAME = AccentColor;
				CODE_SIGN_ENTITLEMENTS = "";
				CODE_SIGN_STYLE = Automatic;
				COMBINE_HIDPI_IMAGES = YES;
				CURRENT_PROJECT_VERSION = 1;
				DEVELOPMENT_TEAM = "";
				ENABLE_HARDENED_RUNTIME = YES;
				GENERATE_INFOPLIST_FILE = NO;
				INFOPLIST_FILE = "EZMac/App/Info.plist";
				LD_RUNPATH_SEARCH_PATHS = (
					"$(inherited)",
					"@executable_path/../Frameworks",
				);
				MACOSX_DEPLOYMENT_TARGET = 14.0;
				MARKETING_VERSION = 1.0;
				PRODUCT_BUNDLE_IDENTIFIER = com.ezmac.displaycontroller;
				PRODUCT_NAME = "$(TARGET_NAME)";
				SWIFT_EMIT_LOC_STRINGS = YES;
				SWIFT_OBJC_BRIDGING_HEADER = "EZMac/Bridging/IOKit-Bridging-Header.h";
				SWIFT_VERSION = 5.0;
				FRAMEWORK_SEARCH_PATHS = "$(inherited)";
				OTHER_LDFLAGS = (
					"-framework",
					"IOKit",
					"-framework",
					"CoreGraphics",
				);
			};
			name = Debug;
		};
		AA000063000000000000001 /* Release */ = {
			isa = XCBuildConfiguration;
			buildSettings = {
				ASSETCATALOG_COMPILER_APPICON_NAME = AppIcon;
				ASSETCATALOG_COMPILER_GLOBAL_ACCENT_COLOR_NAME = AccentColor;
				CODE_SIGN_ENTITLEMENTS = "";
				CODE_SIGN_STYLE = Automatic;
				COMBINE_HIDPI_IMAGES = YES;
				CURRENT_PROJECT_VERSION = 1;
				DEVELOPMENT_TEAM = "";
				ENABLE_HARDENED_RUNTIME = YES;
				GENERATE_INFOPLIST_FILE = NO;
				INFOPLIST_FILE = "EZMac/App/Info.plist";
				LD_RUNPATH_SEARCH_PATHS = (
					"$(inherited)",
					"@executable_path/../Frameworks",
				);
				MACOSX_DEPLOYMENT_TARGET = 14.0;
				MARKETING_VERSION = 1.0;
				PRODUCT_BUNDLE_IDENTIFIER = com.ezmac.displaycontroller;
				PRODUCT_NAME = "$(TARGET_NAME)";
				SWIFT_EMIT_LOC_STRINGS = YES;
				SWIFT_OBJC_BRIDGING_HEADER = "EZMac/Bridging/IOKit-Bridging-Header.h";
				SWIFT_VERSION = 5.0;
				OTHER_LDFLAGS = (
					"-framework",
					"IOKit",
					"-framework",
					"CoreGraphics",
				);
			};
			name = Release;
		};
/* End XCBuildConfiguration section */

/* Begin XCConfigurationList section */
		AA000064000000000000001 /* Build configuration list for PBXProject "EZMac" */ = {
			isa = XCConfigurationList;
			buildConfigurations = (
				AA000060000000000000001 /* Debug */,
				AA000061000000000000001 /* Release */,
			);
			defaultConfigurationIsVisible = 0;
			defaultConfigurationName = Release;
		};
		AA000065000000000000001 /* Build configuration list for PBXNativeTarget "EZMac" */ = {
			isa = XCConfigurationList;
			buildConfigurations = (
				AA000062000000000000001 /* Debug */,
				AA000063000000000000001 /* Release */,
			);
			defaultConfigurationIsVisible = 0;
			defaultConfigurationName = Release;
		};
/* End XCConfigurationList section */

	};
	rootObject = AA000001000000000000001 /* Project object */;
}
